{
  "originHash" : "11b78eba97192d19796cff581fdf69b3e65b441188b1448a1b67e5d7b825a354",
  "pins" : [
    {
      "identity" : "alamofire",
      "kind" : "remoteSourceControl",
      "location" : "https://github.com/Alamofire/Alamofire",
      "state" : {
        "revision" : "e938f8c66708e7352fc7e3512647fa54255b267a",
        "version" : "5.11.2"
      }
    }
  ],
  "version" : 3
}
